
Microsoft Visual Studio Solution File, Format Version 12.00
# Visual Studio Version 16
VisualStudioVersion = 16.0.28922.388
MinimumVisualStudioVersion = 10.0.40219.1
Project("{FAE04EC0-301F-11D3-BF4B-00C04F79EFBC}") = "Fragments", "Fragments\Fragments.csproj", "{D972988B-10E1-4588-8283-002C50649DD5}"
EndProject
Global
	GlobalSection(SolutionConfigurationPlatforms) = preSolution
		Debug|Any CPU = Debug|Any CPU
		Release|Any CPU = Release|Any CPU
	EndGlobalSection
	GlobalSection(ProjectConfigurationPlatforms) = postSolution
		{D972988B-10E1-4588-8283-002C50649DD5}.Debug|Any CPU.ActiveCfg = Debug|Any CPU
		{D972988B-10E1-4588-8283-002C50649DD5}.Debug|Any CPU.Build.0 = Debug|Any CPU
		{D972988B-10E1-4588-8283-002C50649DD5}.Debug|Any CPU.Deploy.0 = Debug|Any CPU
		{D972988B-10E1-4588-8283-002C50649DD5}.Release|Any CPU.ActiveCfg = Release|Any CPU
		{D972988B-10E1-4588-8283-002C50649DD5}.Release|Any CPU.Build.0 = Release|Any CPU
		{D972988B-10E1-4588-8283-002C50649DD5}.Release|Any CPU.Deploy.0 = Release|Any CPU
	EndGlobalSection
	GlobalSection(SolutionProperties) = preSolution
		HideSolutionNode = FALSE
	EndGlobalSection
	GlobalSection(ExtensibilityGlobals) = postSolution
		SolutionGuid = {52A2023B-1CEF-4504-914D-1C1D39E4BD01}
	EndGlobalSection
EndGlobal
